{
  "name": "printshop-burrito-export",
  "lockfileVersion": 3,
  "requires": true,
  "packages": {
    "": {
      "name": "printshop-burrito-export",
      "dependencies": {
        "three": "0.170.0"
      },
      "engines": {
        "node": ">=22.6"
      }
    },
    "node_modules/three": {
      "version": "0.170.0",
      "resolved": "https://registry.npmjs.org/three/-/three-0.170.0.tgz",
      "integrity": "sha512-FQK+LEpYc0fBD+J8g6oSEyyNzjp+Q7Ks1C568WWaoMRLW+TkNNWmenWeGgJjV105Gd+p/2ql1ZcjYvNiPZBhuQ==",
      "license": "MIT"
    }
  }
}
